
Microsoft Visual Studio Solution File, Format Version 12.00
# Visual Studio Version 16
VisualStudioVersion = 16.0.31424.327
MinimumVisualStudioVersion = 10.0.40219.1
Project("{9A19103F-16F7-4668-BE54-9A1E7A4F7556}") = "Variables_Exercise_1", "Variables_Exercise_1\Variables_Exercise_1.csproj", "{D0B85658-C31C-45C6-96E5-5D0B056EFCC1}"
EndProject
Project("{9A19103F-16F7-4668-BE54-9A1E7A4F7556}") = "Variables_Exercise_2", "Variables_Exercise_2\Variables_Exercise_2.csproj", "{A49ABDF2-6A90-4364-B2BF-84828C64A421}"
EndProject
Project("{9A19103F-16F7-4668-BE54-9A1E7A4F7556}") = "Variables_Exercise_3", "Variables_Exercise_3\Variables_Exercise_3.csproj", "{E097BE8E-C293-4C3C-8D4F-2EB33833EF6D}"
EndProject
Project("{9A19103F-16F7-4668-BE54-9A1E7A4F7556}") = "Variables_Exercise_4", "Variables_Exercise_4\Variables_Exercise_4.csproj", "{6C3EE29A-11E0-4C04-AB7B-086A5FD54B53}"
EndProject
Project("{9A19103F-16F7-4668-BE54-9A1E7A4F7556}") = "Flow_Control_Exercise_1", "Flow_Control_Exercise_1\Flow_Control_Exercise_1.csproj", "{0B3E9074-0902-4EFA-9310-F7D3362B97CD}"
EndProject
Project("{9A19103F-16F7-4668-BE54-9A1E7A4F7556}") = "Flow_Control_Exercise_2", "Flow_Control_Exercise_2\Flow_Control_Exercise_2.csproj", "{82D85DD4-AAB8-46A8-A6B4-741F312664A4}"
EndProject
Project("{9A19103F-16F7-4668-BE54-9A1E7A4F7556}") = "Flow_Control_Exercise_3", "Flow_Control_Exercise_3\Flow_Control_Exercise_3.csproj", "{80FB2EA2-D1A4-4132-B108-09325C755E0A}"
EndProject
Project("{9A19103F-16F7-4668-BE54-9A1E7A4F7556}") = "Flow_Control_Exercise_4", "Flow_Control_Exercise_4\Flow_Control_Exercise_4.csproj", "{B0A7BF8E-EEE7-4AC8-A234-FDFF77E0F2E2}"
EndProject
Project("{9A19103F-16F7-4668-BE54-9A1E7A4F7556}") = "Loops_Exercise_1", "Loops_Exercise_1\Loops_Exercise_1.csproj", "{25338F37-FC48-44DE-BB4A-D17157CB134B}"
EndProject
Project("{9A19103F-16F7-4668-BE54-9A1E7A4F7556}") = "Loops_While_Loop", "Loops_While_Loop\Loops_While_Loop.csproj", "{F54715D6-4FB1-4B2A-8254-925007A049C7}"
EndProject
Project("{9A19103F-16F7-4668-BE54-9A1E7A4F7556}") = "Loops_Do", "Loops_Do\Loops_Do.csproj", "{6B586683-A0DE-4242-8DDF-A29346DCB337}"
EndProject
Project("{9A19103F-16F7-4668-BE54-9A1E7A4F7556}") = "Loop_For_Loop", "Loop_For_Loop\Loop_For_Loop.csproj", "{F4F9F2DB-8E7F-45C5-BF14-722F64BBA5DF}"
EndProject
Project("{9A19103F-16F7-4668-BE54-9A1E7A4F7556}") = "Loops_Exercise_2", "Loops_Exercise_2\Loops_Exercise_2.csproj", "{1D23B13E-A895-49DF-8DC8-D50A5D17BA08}"
EndProject
Project("{9A19103F-16F7-4668-BE54-9A1E7A4F7556}") = "Loops_Exercise_4", "Loops_Exercise_4\Loops_Exercise_4.csproj", "{165F03C8-9DB1-48D2-B959-2A9C98911A49}"
EndProject
Project("{9A19103F-16F7-4668-BE54-9A1E7A4F7556}") = "Enum_Example_1", "Enum_Example_1\Enum_Example_1.csproj", "{FDD1E67C-B265-4C1E-8DB2-8C027C4CA995}"
EndProject
Project("{9A19103F-16F7-4668-BE54-9A1E7A4F7556}") = "Strings_Example_1", "Strings_Example_1\Strings_Example_1.csproj", "{1AF35AFE-69B0-41E0-AA89-5FA639074207}"
EndProject
Project("{9A19103F-16F7-4668-BE54-9A1E7A4F7556}") = "Strings_Example_2", "Strings_Example_2\Strings_Example_2.csproj", "{DB7F2060-CAC0-4B62-B92A-3B758851752F}"
EndProject
Project("{9A19103F-16F7-4668-BE54-9A1E7A4F7556}") = "Loops_Exercise_3", "Loops_Exercise_3\Loops_Exercise_3.csproj", "{B57700D9-E535-424F-A392-0992B71B230D}"
EndProject
Project("{9A19103F-16F7-4668-BE54-9A1E7A4F7556}") = "Collections_Example_1", "Collections_Example_1\Collections_Example_1.csproj", "{7A77B29B-D6CE-4AAF-993A-13F19696FE4A}"
EndProject
Project("{FAE04EC0-301F-11D3-BF4B-00C04F79EFBC}") = "Collections_Array", "Collections_Array\Collections_Array.csproj", "{EA959BD9-C6E9-4BC5-8981-9037A317D154}"
EndProject
Project("{FAE04EC0-301F-11D3-BF4B-00C04F79EFBC}") = "Collections_List", "Collections_List\Collections_List.csproj", "{2315B62D-4724-4418-AF89-CB55ED66C0C2}"
EndProject
Global
	GlobalSection(SolutionConfigurationPlatforms) = preSolution
		Debug|Any CPU = Debug|Any CPU
		Release|Any CPU = Release|Any CPU
	EndGlobalSection
	GlobalSection(ProjectConfigurationPlatforms) = postSolution
		{D0B85658-C31C-45C6-96E5-5D0B056EFCC1}.Debug|Any CPU.ActiveCfg = Debug|Any CPU
		{D0B85658-C31C-45C6-96E5-5D0B056EFCC1}.Debug|Any CPU.Build.0 = Debug|Any CPU
		{D0B85658-C31C-45C6-96E5-5D0B056EFCC1}.Release|Any CPU.ActiveCfg = Release|Any CPU
		{D0B85658-C31C-45C6-96E5-5D0B056EFCC1}.Release|Any CPU.Build.0 = Release|Any CPU
		{A49ABDF2-6A90-4364-B2BF-84828C64A421}.Debug|Any CPU.ActiveCfg = Debug|Any CPU
		{A49ABDF2-6A90-4364-B2BF-84828C64A421}.Debug|Any CPU.Build.0 = Debug|Any CPU
		{A49ABDF2-6A90-4364-B2BF-84828C64A421}.Release|Any CPU.ActiveCfg = Release|Any CPU
		{A49ABDF2-6A90-4364-B2BF-84828C64A421}.Release|Any CPU.Build.0 = Release|Any CPU
		{E097BE8E-C293-4C3C-8D4F-2EB33833EF6D}.Debug|Any CPU.ActiveCfg = Debug|Any CPU
		{E097BE8E-C293-4C3C-8D4F-2EB33833EF6D}.Debug|Any CPU.Build.0 = Debug|Any CPU
		{E097BE8E-C293-4C3C-8D4F-2EB33833EF6D}.Release|Any CPU.ActiveCfg = Release|Any CPU
		{E097BE8E-C293-4C3C-8D4F-2EB33833EF6D}.Release|Any CPU.Build.0 = Release|Any CPU
		{6C3EE29A-11E0-4C04-AB7B-086A5FD54B53}.Debug|Any CPU.ActiveCfg = Debug|Any CPU
		{6C3EE29A-11E0-4C04-AB7B-086A5FD54B53}.Debug|Any CPU.Build.0 = Debug|Any CPU
		{6C3EE29A-11E0-4C04-AB7B-086A5FD54B53}.Release|Any CPU.ActiveCfg = Release|Any CPU
		{6C3EE29A-11E0-4C04-AB7B-086A5FD54B53}.Release|Any CPU.Build.0 = Release|Any CPU
		{0B3E9074-0902-4EFA-9310-F7D3362B97CD}.Debug|Any CPU.ActiveCfg = Debug|Any CPU
		{0B3E9074-0902-4EFA-9310-F7D3362B97CD}.Debug|Any CPU.Build.0 = Debug|Any CPU
		{0B3E9074-0902-4EFA-9310-F7D3362B97CD}.Release|Any CPU.ActiveCfg = Release|Any CPU
		{0B3E9074-0902-4EFA-9310-F7D3362B97CD}.Release|Any CPU.Build.0 = Release|Any CPU
		{82D85DD4-AAB8-46A8-A6B4-741F312664A4}.Debug|Any CPU.ActiveCfg = Debug|Any CPU
		{82D85DD4-AAB8-46A8-A6B4-741F312664A4}.Debug|Any CPU.Build.0 = Debug|Any CPU
		{82D85DD4-AAB8-46A8-A6B4-741F312664A4}.Release|Any CPU.ActiveCfg = Release|Any CPU
		{82D85DD4-AAB8-46A8-A6B4-741F312664A4}.Release|Any CPU.Build.0 = Release|Any CPU
		{80FB2EA2-D1A4-4132-B108-09325C755E0A}.Debug|Any CPU.ActiveCfg = Debug|Any CPU
		{80FB2EA2-D1A4-4132-B108-09325C755E0A}.Debug|Any CPU.Build.0 = Debug|Any CPU
		{80FB2EA2-D1A4-4132-B108-09325C755E0A}.Release|Any CPU.ActiveCfg = Release|Any CPU
		{80FB2EA2-D1A4-4132-B108-09325C755E0A}.Release|Any CPU.Build.0 = Release|Any CPU
		{B0A7BF8E-EEE7-4AC8-A234-FDFF77E0F2E2}.Debug|Any CPU.ActiveCfg = Debug|Any CPU
		{B0A7BF8E-EEE7-4AC8-A234-FDFF77E0F2E2}.Debug|Any CPU.Build.0 = Debug|Any CPU
		{B0A7BF8E-EEE7-4AC8-A234-FDFF77E0F2E2}.Release|Any CPU.ActiveCfg = Release|Any CPU
		{B0A7BF8E-EEE7-4AC8-A234-FDFF77E0F2E2}.Release|Any CPU.Build.0 = Release|Any CPU
		{25338F37-FC48-44DE-BB4A-D17157CB134B}.Debug|Any CPU.ActiveCfg = Debug|Any CPU
		{25338F37-FC48-44DE-BB4A-D17157CB134B}.Debug|Any CPU.Build.0 = Debug|Any CPU
		{25338F37-FC48-44DE-BB4A-D17157CB134B}.Release|Any CPU.ActiveCfg = Release|Any CPU
		{25338F37-FC48-44DE-BB4A-D17157CB134B}.Release|Any CPU.Build.0 = Release|Any CPU
		{F54715D6-4FB1-4B2A-8254-925007A049C7}.Debug|Any CPU.ActiveCfg = Debug|Any CPU
		{F54715D6-4FB1-4B2A-8254-925007A049C7}.Debug|Any CPU.Build.0 = Debug|Any CPU
		{F54715D6-4FB1-4B2A-8254-925007A049C7}.Release|Any CPU.ActiveCfg = Release|Any CPU
		{F54715D6-4FB1-4B2A-8254-925007A049C7}.Release|Any CPU.Build.0 = Release|Any CPU
		{6B586683-A0DE-4242-8DDF-A29346DCB337}.Debug|Any CPU.ActiveCfg = Debug|Any CPU
		{6B586683-A0DE-4242-8DDF-A29346DCB337}.Debug|Any CPU.Build.0 = Debug|Any CPU
		{6B586683-A0DE-4242-8DDF-A29346DCB337}.Release|Any CPU.ActiveCfg = Release|Any CPU
		{6B586683-A0DE-4242-8DDF-A29346DCB337}.Release|Any CPU.Build.0 = Release|Any CPU
		{F4F9F2DB-8E7F-45C5-BF14-722F64BBA5DF}.Debug|Any CPU.ActiveCfg = Debug|Any CPU
		{F4F9F2DB-8E7F-45C5-BF14-722F64BBA5DF}.Debug|Any CPU.Build.0 = Debug|Any CPU
		{F4F9F2DB-8E7F-45C5-BF14-722F64BBA5DF}.Release|Any CPU.ActiveCfg = Release|Any CPU
		{F4F9F2DB-8E7F-45C5-BF14-722F64BBA5DF}.Release|Any CPU.Build.0 = Release|Any CPU
		{1D23B13E-A895-49DF-8DC8-D50A5D17BA08}.Debug|Any CPU.ActiveCfg = Debug|Any CPU
		{1D23B13E-A895-49DF-8DC8-D50A5D17BA08}.Debug|Any CPU.Build.0 = Debug|Any CPU
		{1D23B13E-A895-49DF-8DC8-D50A5D17BA08}.Release|Any CPU.ActiveCfg = Release|Any CPU
		{1D23B13E-A895-49DF-8DC8-D50A5D17BA08}.Release|Any CPU.Build.0 = Release|Any CPU
		{165F03C8-9DB1-48D2-B959-2A9C98911A49}.Debug|Any CPU.ActiveCfg = Debug|Any CPU
		{165F03C8-9DB1-48D2-B959-2A9C98911A49}.Debug|Any CPU.Build.0 = Debug|Any CPU
		{165F03C8-9DB1-48D2-B959-2A9C98911A49}.Release|Any CPU.ActiveCfg = Release|Any CPU
		{165F03C8-9DB1-48D2-B959-2A9C98911A49}.Release|Any CPU.Build.0 = Release|Any CPU
		{FDD1E67C-B265-4C1E-8DB2-8C027C4CA995}.Debug|Any CPU.ActiveCfg = Debug|Any CPU
		{FDD1E67C-B265-4C1E-8DB2-8C027C4CA995}.Debug|Any CPU.Build.0 = Debug|Any CPU
		{FDD1E67C-B265-4C1E-8DB2-8C027C4CA995}.Release|Any CPU.ActiveCfg = Release|Any CPU
		{FDD1E67C-B265-4C1E-8DB2-8C027C4CA995}.Release|Any CPU.Build.0 = Release|Any CPU
		{1AF35AFE-69B0-41E0-AA89-5FA639074207}.Debug|Any CPU.ActiveCfg = Debug|Any CPU
		{1AF35AFE-69B0-41E0-AA89-5FA639074207}.Debug|Any CPU.Build.0 = Debug|Any CPU
		{1AF35AFE-69B0-41E0-AA89-5FA639074207}.Release|Any CPU.ActiveCfg = Release|Any CPU
		{1AF35AFE-69B0-41E0-AA89-5FA639074207}.Release|Any CPU.Build.0 = Release|Any CPU
		{DB7F2060-CAC0-4B62-B92A-3B758851752F}.Debug|Any CPU.ActiveCfg = Debug|Any CPU
		{DB7F2060-CAC0-4B62-B92A-3B758851752F}.Debug|Any CPU.Build.0 = Debug|Any CPU
		{DB7F2060-CAC0-4B62-B92A-3B758851752F}.Release|Any CPU.ActiveCfg = Release|Any CPU
		{DB7F2060-CAC0-4B62-B92A-3B758851752F}.Release|Any CPU.Build.0 = Release|Any CPU
		{B57700D9-E535-424F-A392-0992B71B230D}.Debug|Any CPU.ActiveCfg = Debug|Any CPU
		{B57700D9-E535-424F-A392-0992B71B230D}.Debug|Any CPU.Build.0 = Debug|Any CPU
		{B57700D9-E535-424F-A392-0992B71B230D}.Release|Any CPU.ActiveCfg = Release|Any CPU
		{B57700D9-E535-424F-A392-0992B71B230D}.Release|Any CPU.Build.0 = Release|Any CPU
		{7A77B29B-D6CE-4AAF-993A-13F19696FE4A}.Debug|Any CPU.ActiveCfg = Debug|Any CPU
		{7A77B29B-D6CE-4AAF-993A-13F19696FE4A}.Debug|Any CPU.Build.0 = Debug|Any CPU
		{7A77B29B-D6CE-4AAF-993A-13F19696FE4A}.Release|Any CPU.ActiveCfg = Release|Any CPU
		{7A77B29B-D6CE-4AAF-993A-13F19696FE4A}.Release|Any CPU.Build.0 = Release|Any CPU
		{EA959BD9-C6E9-4BC5-8981-9037A317D154}.Debug|Any CPU.ActiveCfg = Debug|Any CPU
		{EA959BD9-C6E9-4BC5-8981-9037A317D154}.Debug|Any CPU.Build.0 = Debug|Any CPU
		{EA959BD9-C6E9-4BC5-8981-9037A317D154}.Release|Any CPU.ActiveCfg = Release|Any CPU
		{EA959BD9-C6E9-4BC5-8981-9037A317D154}.Release|Any CPU.Build.0 = Release|Any CPU
		{2315B62D-4724-4418-AF89-CB55ED66C0C2}.Debug|Any CPU.ActiveCfg = Debug|Any CPU
		{2315B62D-4724-4418-AF89-CB55ED66C0C2}.Debug|Any CPU.Build.0 = Debug|Any CPU
		{2315B62D-4724-4418-AF89-CB55ED66C0C2}.Release|Any CPU.ActiveCfg = Release|Any CPU
		{2315B62D-4724-4418-AF89-CB55ED66C0C2}.Release|Any CPU.Build.0 = Release|Any CPU
	EndGlobalSection
	GlobalSection(SolutionProperties) = preSolution
		HideSolutionNode = FALSE
	EndGlobalSection
	GlobalSection(ExtensibilityGlobals) = postSolution
		SolutionGuid = {24A754B4-5C62-4E63-AED5-27F235C4F632}
	EndGlobalSection
EndGlobal
