
Microsoft Visual Studio Solution File, Format Version 12.00
# Visual Studio Version 16
VisualStudioVersion = 16.0.31424.327
MinimumVisualStudioVersion = 10.0.40219.1
Project("{FAE04EC0-301F-11D3-BF4B-00C04F79EFBC}") = "Variables_Exercise_1", "Variables_Exercise_1\Variables_Exercise_1.csproj", "{D0B85658-C31C-45C6-96E5-5D0B056EFCC1}"
EndProject
Project("{FAE04EC0-301F-11D3-BF4B-00C04F79EFBC}") = "Variables_Exercise_2", "Variables_Exercise_2\Variables_Exercise_2.csproj", "{A49ABDF2-6A90-4364-B2BF-84828C64A421}"
EndProject
Global
	GlobalSection(SolutionConfigurationPlatforms) = preSolution
		Debug|Any CPU = Debug|Any CPU
		Release|Any CPU = Release|Any CPU
	EndGlobalSection
	GlobalSection(ProjectConfigurationPlatforms) = postSolution
		{D0B85658-C31C-45C6-96E5-5D0B056EFCC1}.Debug|Any CPU.ActiveCfg = Debug|Any CPU
		{D0B85658-C31C-45C6-96E5-5D0B056EFCC1}.Debug|Any CPU.Build.0 = Debug|Any CPU
		{D0B85658-C31C-45C6-96E5-5D0B056EFCC1}.Release|Any CPU.ActiveCfg = Release|Any CPU
		{D0B85658-C31C-45C6-96E5-5D0B056EFCC1}.Release|Any CPU.Build.0 = Release|Any CPU
		{A49ABDF2-6A90-4364-B2BF-84828C64A421}.Debug|Any CPU.ActiveCfg = Debug|Any CPU
		{A49ABDF2-6A90-4364-B2BF-84828C64A421}.Debug|Any CPU.Build.0 = Debug|Any CPU
		{A49ABDF2-6A90-4364-B2BF-84828C64A421}.Release|Any CPU.ActiveCfg = Release|Any CPU
		{A49ABDF2-6A90-4364-B2BF-84828C64A421}.Release|Any CPU.Build.0 = Release|Any CPU
	EndGlobalSection
	GlobalSection(SolutionProperties) = preSolution
		HideSolutionNode = FALSE
	EndGlobalSection
	GlobalSection(ExtensibilityGlobals) = postSolution
		SolutionGuid = {24A754B4-5C62-4E63-AED5-27F235C4F632}
	EndGlobalSection
EndGlobal
