
Microsoft Visual Studio Solution File, Format Version 12.00
# Visual Studio Version 16
VisualStudioVersion = 16.0.31424.327
MinimumVisualStudioVersion = 10.0.40219.1
Project("{9A19103F-16F7-4668-BE54-9A1E7A4F7556}") = "Variables_Exercise_1", "Variables_Exercise_1\Variables_Exercise_1.csproj", "{D0B85658-C31C-45C6-96E5-5D0B056EFCC1}"
EndProject
Project("{9A19103F-16F7-4668-BE54-9A1E7A4F7556}") = "Variables_Exercise_2", "Variables_Exercise_2\Variables_Exercise_2.csproj", "{A49ABDF2-6A90-4364-B2BF-84828C64A421}"
EndProject
Project("{9A19103F-16F7-4668-BE54-9A1E7A4F7556}") = "Variables_Exercise_3", "Variables_Exercise_3\Variables_Exercise_3.csproj", "{E097BE8E-C293-4C3C-8D4F-2EB33833EF6D}"
EndProject
Project("{9A19103F-16F7-4668-BE54-9A1E7A4F7556}") = "Variables_Exercise_4", "Variables_Exercise_4\Variables_Exercise_4.csproj", "{6C3EE29A-11E0-4C04-AB7B-086A5FD54B53}"
EndProject
Project("{9A19103F-16F7-4668-BE54-9A1E7A4F7556}") = "Flow_Control_Exercise_1", "Flow_Control_Exercise_1\Flow_Control_Exercise_1.csproj", "{0B3E9074-0902-4EFA-9310-F7D3362B97CD}"
EndProject
Project("{FAE04EC0-301F-11D3-BF4B-00C04F79EFBC}") = "Flow_Control_Exercise_2", "Flow_Control_Exercise_2\Flow_Control_Exercise_2.csproj", "{82D85DD4-AAB8-46A8-A6B4-741F312664A4}"
EndProject
Project("{FAE04EC0-301F-11D3-BF4B-00C04F79EFBC}") = "Flow_Control_Exercise_3", "Flow_Control_Exercise_3\Flow_Control_Exercise_3.csproj", "{80FB2EA2-D1A4-4132-B108-09325C755E0A}"
EndProject
Global
	GlobalSection(SolutionConfigurationPlatforms) = preSolution
		Debug|Any CPU = Debug|Any CPU
		Release|Any CPU = Release|Any CPU
	EndGlobalSection
	GlobalSection(ProjectConfigurationPlatforms) = postSolution
		{D0B85658-C31C-45C6-96E5-5D0B056EFCC1}.Debug|Any CPU.ActiveCfg = Debug|Any CPU
		{D0B85658-C31C-45C6-96E5-5D0B056EFCC1}.Debug|Any CPU.Build.0 = Debug|Any CPU
		{D0B85658-C31C-45C6-96E5-5D0B056EFCC1}.Release|Any CPU.ActiveCfg = Release|Any CPU
		{D0B85658-C31C-45C6-96E5-5D0B056EFCC1}.Release|Any CPU.Build.0 = Release|Any CPU
		{A49ABDF2-6A90-4364-B2BF-84828C64A421}.Debug|Any CPU.ActiveCfg = Debug|Any CPU
		{A49ABDF2-6A90-4364-B2BF-84828C64A421}.Debug|Any CPU.Build.0 = Debug|Any CPU
		{A49ABDF2-6A90-4364-B2BF-84828C64A421}.Release|Any CPU.ActiveCfg = Release|Any CPU
		{A49ABDF2-6A90-4364-B2BF-84828C64A421}.Release|Any CPU.Build.0 = Release|Any CPU
		{E097BE8E-C293-4C3C-8D4F-2EB33833EF6D}.Debug|Any CPU.ActiveCfg = Debug|Any CPU
		{E097BE8E-C293-4C3C-8D4F-2EB33833EF6D}.Debug|Any CPU.Build.0 = Debug|Any CPU
		{E097BE8E-C293-4C3C-8D4F-2EB33833EF6D}.Release|Any CPU.ActiveCfg = Release|Any CPU
		{E097BE8E-C293-4C3C-8D4F-2EB33833EF6D}.Release|Any CPU.Build.0 = Release|Any CPU
		{6C3EE29A-11E0-4C04-AB7B-086A5FD54B53}.Debug|Any CPU.ActiveCfg = Debug|Any CPU
		{6C3EE29A-11E0-4C04-AB7B-086A5FD54B53}.Debug|Any CPU.Build.0 = Debug|Any CPU
		{6C3EE29A-11E0-4C04-AB7B-086A5FD54B53}.Release|Any CPU.ActiveCfg = Release|Any CPU
		{6C3EE29A-11E0-4C04-AB7B-086A5FD54B53}.Release|Any CPU.Build.0 = Release|Any CPU
		{0B3E9074-0902-4EFA-9310-F7D3362B97CD}.Debug|Any CPU.ActiveCfg = Debug|Any CPU
		{0B3E9074-0902-4EFA-9310-F7D3362B97CD}.Debug|Any CPU.Build.0 = Debug|Any CPU
		{0B3E9074-0902-4EFA-9310-F7D3362B97CD}.Release|Any CPU.ActiveCfg = Release|Any CPU
		{0B3E9074-0902-4EFA-9310-F7D3362B97CD}.Release|Any CPU.Build.0 = Release|Any CPU
		{82D85DD4-AAB8-46A8-A6B4-741F312664A4}.Debug|Any CPU.ActiveCfg = Debug|Any CPU
		{82D85DD4-AAB8-46A8-A6B4-741F312664A4}.Debug|Any CPU.Build.0 = Debug|Any CPU
		{82D85DD4-AAB8-46A8-A6B4-741F312664A4}.Release|Any CPU.ActiveCfg = Release|Any CPU
		{82D85DD4-AAB8-46A8-A6B4-741F312664A4}.Release|Any CPU.Build.0 = Release|Any CPU
		{80FB2EA2-D1A4-4132-B108-09325C755E0A}.Debug|Any CPU.ActiveCfg = Debug|Any CPU
		{80FB2EA2-D1A4-4132-B108-09325C755E0A}.Debug|Any CPU.Build.0 = Debug|Any CPU
		{80FB2EA2-D1A4-4132-B108-09325C755E0A}.Release|Any CPU.ActiveCfg = Release|Any CPU
		{80FB2EA2-D1A4-4132-B108-09325C755E0A}.Release|Any CPU.Build.0 = Release|Any CPU
	EndGlobalSection
	GlobalSection(SolutionProperties) = preSolution
		HideSolutionNode = FALSE
	EndGlobalSection
	GlobalSection(ExtensibilityGlobals) = postSolution
		SolutionGuid = {24A754B4-5C62-4E63-AED5-27F235C4F632}
	EndGlobalSection
EndGlobal
